# THIS IS AN AUTOGENERATED FILE. DO NOT EDIT THIS FILE DIRECTLY.
# yarn lockfile v1


vm2@^3.9.4:
  version "3.9.4"
  resolved "https://registry.yarnpkg.com/vm2/-/vm2-3.9.4.tgz#2e118290fefe7bd8ea09ebe2f5faf53730dbddaa"
  integrity sha512-sOdharrJ7KEePIpHekiWaY1DwgueuiBeX/ZBJUPgETsVlJsXuEx0K0/naATq2haFvJrvZnRiORQRubR0b7Ye6g==
